{
  "requires": true,
  "lockfileVersion": 1,
  "dependencies": {
    "typescript": {
      "version": "3.8.0-dev.20191228",
      "resolved": "https://registry.npmjs.org/typescript/-/typescript-3.8.0-dev.20191228.tgz",
      "integrity": "sha512-CPI/TQwKBaVFohrH5IwD/RbWJ6Syz9OJdchoL+cwH2rc02kgui7VPuEPDm1m1krddtEJiiMAc2icpPN0iWzggA==",
      "dev": true
    }
  }
}
